
Microsoft Visual Studio Solution File, Format Version 12.00
# Visual Studio 15
VisualStudioVersion = 15.0.27130.2036
MinimumVisualStudioVersion = 10.0.40219.1
Project("{FAE04EC0-301F-11D3-BF4B-00C04F79EFBC}") = "ReedMuller", "ReedMuller\ReedMuller.csproj", "{76D01AC7-31EC-4165-9D86-FD772192CE0E}"
EndProject
Global
	GlobalSection(SolutionConfigurationPlatforms) = preSolution
		Debug|Any CPU = Debug|Any CPU
		Release|Any CPU = Release|Any CPU
	EndGlobalSection
	GlobalSection(ProjectConfigurationPlatforms) = postSolution
		{76D01AC7-31EC-4165-9D86-FD772192CE0E}.Debug|Any CPU.ActiveCfg = Debug|Any CPU
		{76D01AC7-31EC-4165-9D86-FD772192CE0E}.Debug|Any CPU.Build.0 = Debug|Any CPU
		{76D01AC7-31EC-4165-9D86-FD772192CE0E}.Release|Any CPU.ActiveCfg = Release|Any CPU
		{76D01AC7-31EC-4165-9D86-FD772192CE0E}.Release|Any CPU.Build.0 = Release|Any CPU
	EndGlobalSection
	GlobalSection(SolutionProperties) = preSolution
		HideSolutionNode = FALSE
	EndGlobalSection
	GlobalSection(ExtensibilityGlobals) = postSolution
		SolutionGuid = {F8ACE81F-C4BE-428C-BF6A-1A2B4B861AD7}
	EndGlobalSection
EndGlobal
